
Microsoft Visual Studio Solution File, Format Version 12.00
# Visual Studio 15
VisualStudioVersion = 15.0.28307.329
MinimumVisualStudioVersion = 10.0.40219.1
Project("{FAE04EC0-301F-11D3-BF4B-00C04F79EFBC}") = "CleanCode", "CleanCode\CleanCode.csproj", "{75D73FB6-B8EC-413B-86A9-566A58E1BE4F}"
EndProject
Project("{FAE04EC0-301F-11D3-BF4B-00C04F79EFBC}") = "CleanCode.Rider", "CleanCode\CleanCode.Rider.csproj", "{084172D1-A9C6-46D0-96AD-05C5B09A5E5D}"
EndProject
Project("{2150E333-8FDC-42A3-9474-1A3956D46DE8}") = "misc", "misc", "{4A9ABB95-3762-448B-B5BF-099E46DB22DE}"
ProjectSection(SolutionItems) = preProject	
	rider\main\resources\META-INF\plugin.xml = rider\main\resources\META-INF\plugin.xml
	Plugin.props = Plugin.props
	README.md = ..\README.md
EndProjectSection
EndProject
Global
	GlobalSection(SolutionConfigurationPlatforms) = preSolution
		Debug|Any CPU = Debug|Any CPU
		Release|Any CPU = Release|Any CPU
	EndGlobalSection
	GlobalSection(ProjectConfigurationPlatforms) = postSolution
		{75D73FB6-B8EC-413B-86A9-566A58E1BE4F}.Debug|Any CPU.ActiveCfg = Debug|Any CPU
		{75D73FB6-B8EC-413B-86A9-566A58E1BE4F}.Debug|Any CPU.Build.0 = Debug|Any CPU
		{75D73FB6-B8EC-413B-86A9-566A58E1BE4F}.Release|Any CPU.ActiveCfg = Release|Any CPU
		{75D73FB6-B8EC-413B-86A9-566A58E1BE4F}.Release|Any CPU.Build.0 = Release|Any CPU
		{084172D1-A9C6-46D0-96AD-05C5B09A5E5D}.Debug|Any CPU.ActiveCfg = Debug|Any CPU
		{084172D1-A9C6-46D0-96AD-05C5B09A5E5D}.Debug|Any CPU.Build.0 = Debug|Any CPU
		{084172D1-A9C6-46D0-96AD-05C5B09A5E5D}.Release|Any CPU.ActiveCfg = Release|Any CPU
		{084172D1-A9C6-46D0-96AD-05C5B09A5E5D}.Release|Any CPU.Build.0 = Release|Any CPU
	EndGlobalSection
	GlobalSection(SolutionProperties) = preSolution
		HideSolutionNode = FALSE
	EndGlobalSection
	GlobalSection(ExtensibilityGlobals) = postSolution
		SolutionGuid = {FC3F5149-307B-428E-B054-6D5767D05BD8}
	EndGlobalSection
EndGlobal
